
Microsoft Visual Studio Solution File, Format Version 12.00
# Visual Studio Version 17
VisualStudioVersion = 17.2.32616.157
MinimumVisualStudioVersion = 10.0.40219.1
Project("{FAE04EC0-301F-11D3-BF4B-00C04F79EFBC}") = "Test", "Test\Test.csproj", "{AAF1D3C0-F722-40C1-A614-BAFC487BE436}"
EndProject
Global
	GlobalSection(SolutionConfigurationPlatforms) = preSolution
		Debug|Any CPU = Debug|Any CPU
		Release|Any CPU = Release|Any CPU
	EndGlobalSection
	GlobalSection(ProjectConfigurationPlatforms) = postSolution
		{AAF1D3C0-F722-40C1-A614-BAFC487BE436}.Debug|Any CPU.ActiveCfg = Debug|Any CPU
		{AAF1D3C0-F722-40C1-A614-BAFC487BE436}.Debug|Any CPU.Build.0 = Debug|Any CPU
		{AAF1D3C0-F722-40C1-A614-BAFC487BE436}.Release|Any CPU.ActiveCfg = Release|Any CPU
		{AAF1D3C0-F722-40C1-A614-BAFC487BE436}.Release|Any CPU.Build.0 = Release|Any CPU
	EndGlobalSection
	GlobalSection(SolutionProperties) = preSolution
		HideSolutionNode = FALSE
	EndGlobalSection
	GlobalSection(ExtensibilityGlobals) = postSolution
		SolutionGuid = {FD374613-8DE0-4663-912A-C253C6913CDE}
	EndGlobalSection
EndGlobal
